// !$*UTF8*$!
{
	archiveVersion = 1;
	classes = {
	};
	objectVersion = 50;
	objects = {

/* Begin PBXBuildFile section */
		F6B8FE1026F243DA000BF618 /* AppDelegate.swift in Sources */ = {isa = PBXBuildFile; fileRef = F6B8FE0F26F243DA000BF618 /* AppDelegate.swift */; };
		F6B8FE1226F243DA000BF618 /* SceneDelegate.swift in Sources */ = {isa = PBXBuildFile; fileRef = F6B8FE1126F243DA000BF618 /* SceneDelegate.swift */; };
		F6B8FE1426F243DA000BF618 /* ViewController.swift in Sources */ = {isa = PBXBuildFile; fileRef = F6B8FE1326F243DA000BF618 /* ViewController.swift */; };
		F6B8FE1726F243DA000BF618 /* Main.storyboard in Resources */ = {isa = PBXBuildFile; fileRef = F6B8FE1526F243DA000BF618 /* Main.storyboard */; };
		F6B8FE1926F243DA000BF618 /* Assets.xcassets in Resources */ = {isa = PBXBuildFile; fileRef = F6B8FE1826F243DA000BF618 /* Assets.xcassets */; };
		F6B8FE1C26F243DA000BF618 /* LaunchScreen.storyboard in Resources */ = {isa = PBXBuildFile; fileRef = F6B8FE1A26F243DA000BF618 /* LaunchScreen.storyboard */; };
		F6B8FE2726F243DA000BF618 /* MVPTests.swift in Sources */ = {isa = PBXBuildFile; fileRef = F6B8FE2626F243DA000BF618 /* MVPTests.swift */; };
		F6B8FE3226F243DA000BF618 /* MVPUITests.swift in Sources */ = {isa = PBXBuildFile; fileRef = F6B8FE3126F243DA000BF618 /* MVPUITests.swift */; };
/* End PBXBuildFile section */

/* Begin PBXContainerItemProxy section */
		F6B8FE2326F243DA000BF618 /* PBXContainerItemProxy */ = {
			isa = PBXContainerItemProxy;
			containerPortal = F6B8FE0426F243DA000BF618 /* Project object */;
			proxyType = 1;
			remoteGlobalIDString = F6B8FE0B26F243DA000BF618;
			remoteInfo = MVP;
		};
		F6B8FE2E26F243DA000BF618 /* PBXContainerItemProxy */ = {
			isa = PBXContainerItemProxy;
			containerPortal = F6B8FE0426F243DA000BF618 /* Project object */;
			proxyType = 1;
			remoteGlobalIDString = F6B8FE0B26F243DA000BF618;
			remoteInfo = MVP;
		};
/* End PBXContainerItemProxy section */

/* Begin PBXFileReference section */
		F6B8FE0C26F243DA000BF618 /* MVP.app */ = {isa = PBXFileReference; explicitFileType = wrapper.application; includeInIndex = 0; path = MVP.app; sourceTree = BUILT_PRODUCTS_DIR; };
		F6B8FE0F26F243DA000BF618 /* AppDelegate.swift */ = {isa = PBXFileReference; lastKnownFileType = sourcecode.swift; path = AppDelegate.swift; sourceTree = "<group>"; };
		F6B8FE1126F243DA000BF618 /* SceneDelegate.swift */ = {isa = PBXFileReference; lastKnownFileType = sourcecode.swift; path = SceneDelegate.swift; sourceTree = "<group>"; };
		F6B8FE1326F243DA000BF618 /* ViewController.swift */ = {isa = PBXFileReference; lastKnownFileType = sourcecode.swift; path = ViewController.swift; sourceTree = "<group>"; };
		F6B8FE1626F243DA000BF618 /* Base */ = {isa = PBXFileReference; lastKnownFileType = file.storyboard; name = Base; path = Base.lproj/Main.storyboard; sourceTree = "<group>"; };
		F6B8FE1826F243DA000BF618 /* Assets.xcassets */ = {isa = PBXFileReference; lastKnownFileType = folder.assetcatalog; path = Assets.xcassets; sourceTree = "<group>"; };
		F6B8FE1B26F243DA000BF618 /* Base */ = {isa = PBXFileReference; lastKnownFileType = file.storyboard; name = Base; path = Base.lproj/LaunchScreen.storyboard; sourceTree = "<group>"; };
		F6B8FE1D26F243DA000BF618 /* Info.plist */ = {isa = PBXFileReference; lastKnownFileType = text.plist.xml; path = Info.plist; sourceTree = "<group>"; };
		F6B8FE2226F243DA000BF618 /* MVPTests.xctest */ = {isa = PBXFileReference; explicitFileType = wrapper.cfbundle; includeInIndex = 0; path = MVPTests.xctest; sourceTree = BUILT_PRODUCTS_DIR; };
		F6B8FE2626F243DA000BF618 /* MVPTests.swift */ = {isa = PBXFileReference; lastKnownFileType = sourcecode.swift; path = MVPTests.swift; sourceTree = "<group>"; };
		F6B8FE2826F243DA000BF618 /* Info.plist */ = {isa = PBXFileReference; lastKnownFileType = text.plist.xml; path = Info.plist; sourceTree = "<group>"; };
		F6B8FE2D26F243DA000BF618 /* MVPUITests.xctest */ = {isa = PBXFileReference; explicitFileType = wrapper.cfbundle; includeInIndex = 0; path = MVPUITests.xctest; sourceTree = BUILT_PRODUCTS_DIR; };
		F6B8FE3126F243DA000BF618 /* MVPUITests.swift */ = {isa = PBXFileReference; lastKnownFileType = sourcecode.swift; path = MVPUITests.swift; sourceTree = "<group>"; };
		F6B8FE3326F243DA000BF618 /* Info.plist */ = {isa = PBXFileReference; lastKnownFileType = text.plist.xml; path = Info.plist; sourceTree = "<group>"; };
/* End PBXFileReference section */

/* Begin PBXFrameworksBuildPhase section */
		F6B8FE0926F243DA000BF618 /* Frameworks */ = {
			isa = PBXFrameworksBuildPhase;
			buildActionMask = 2147483647;
			files = (
			);
			runOnlyForDeploymentPostprocessing = 0;
		};
		F6B8FE1F26F243DA000BF618 /* Frameworks */ = {
			isa = PBXFrameworksBuildPhase;
			buildActionMask = 2147483647;
			files = (
			);
			runOnlyForDeploymentPostprocessing = 0;
		};
		F6B8FE2A26F243DA000BF618 /* Frameworks */ = {
			isa = PBXFrameworksBuildPhase;
			buildActionMask = 2147483647;
			files = (
			);
			runOnlyForDeploymentPostprocessing = 0;
		};
/* End PBXFrameworksBuildPhase section */

/* Begin PBXGroup section */
		F6B8FE0326F243DA000BF618 = {
			isa = PBXGroup;
			children = (
				F6B8FE0E26F243DA000BF618 /* MVP */,
				F6B8FE2526F243DA000BF618 /* MVPTests */,
				F6B8FE3026F243DA000BF618 /* MVPUITests */,
				F6B8FE0D26F243DA000BF618 /* Products */,
			);
			sourceTree = "<group>";
		};
		F6B8FE0D26F243DA000BF618 /* Products */ = {
			isa = PBXGroup;
			children = (
				F6B8FE0C26F243DA000BF618 /* MVP.app */,
				F6B8FE2226F243DA000BF618 /* MVPTests.xctest */,
				F6B8FE2D26F243DA000BF618 /* MVPUITests.xctest */,
			);
			name = Products;
			sourceTree = "<group>";
		};
		F6B8FE0E26F243DA000BF618 /* MVP */ = {
			isa = PBXGroup;
			children = (
				F6B8FE0F26F243DA000BF618 /* AppDelegate.swift */,
				F6B8FE1126F243DA000BF618 /* SceneDelegate.swift */,
				F6B8FE1326F243DA000BF618 /* ViewController.swift */,
				F6B8FE1526F243DA000BF618 /* Main.storyboard */,
				F6B8FE1826F243DA000BF618 /* Assets.xcassets */,
				F6B8FE1A26F243DA000BF618 /* LaunchScreen.storyboard */,
				F6B8FE1D26F243DA000BF618 /* Info.plist */,
			);
			path = MVP;
			sourceTree = "<group>";
		};
		F6B8FE2526F243DA000BF618 /* MVPTests */ = {
			isa = PBXGroup;
			children = (
				F6B8FE2626F243DA000BF618 /* MVPTests.swift */,
				F6B8FE2826F243DA000BF618 /* Info.plist */,
			);
			path = MVPTests;
			sourceTree = "<group>";
		};
		F6B8FE3026F243DA000BF618 /* MVPUITests */ = {
			isa = PBXGroup;
			children = (
				F6B8FE3126F243DA000BF618 /* MVPUITests.swift */,
				F6B8FE3326F243DA000BF618 /* Info.plist */,
			);
			path = MVPUITests;
			sourceTree = "<group>";
		};
/* End PBXGroup section */

/* Begin PBXNativeTarget section */
		F6B8FE0B26F243DA000BF618 /* MVP */ = {
			isa = PBXNativeTarget;
			buildConfigurationList = F6B8FE3626F243DA000BF618 /* Build configuration list for PBXNativeTarget "MVP" */;
			buildPhases = (
				F6B8FE0826F243DA000BF618 /* Sources */,
				F6B8FE0926F243DA000BF618 /* Frameworks */,
				F6B8FE0A26F243DA000BF618 /* Resources */,
			);
			buildRules = (
			);
			dependencies = (
			);
			name = MVP;
			productName = MVP;
			productReference = F6B8FE0C26F243DA000BF618 /* MVP.app */;
			productType = "com.apple.product-type.application";
		};
		F6B8FE2126F243DA000BF618 /* MVPTests */ = {
			isa = PBXNativeTarget;
			buildConfigurationList = F6B8FE3926F243DA000BF618 /* Build configuration list for PBXNativeTarget "MVPTests" */;
			buildPhases = (
				F6B8FE1E26F243DA000BF618 /* Sources */,
				F6B8FE1F26F243DA000BF618 /* Frameworks */,
				F6B8FE2026F243DA000BF618 /* Resources */,
			);
			buildRules = (
			);
			dependencies = (
				F6B8FE2426F243DA000BF618 /* PBXTargetDependency */,
			);
			name = MVPTests;
			productName = MVPTests;
			productReference = F6B8FE2226F243DA000BF618 /* MVPTests.xctest */;
			productType = "com.apple.product-type.bundle.unit-test";
		};
		F6B8FE2C26F243DA000BF618 /* MVPUITests */ = {
			isa = PBXNativeTarget;
			buildConfigurationList = F6B8FE3C26F243DA000BF618 /* Build configuration list for PBXNativeTarget "MVPUITests" */;
			buildPhases = (
				F6B8FE2926F243DA000BF618 /* Sources */,
				F6B8FE2A26F243DA000BF618 /* Frameworks */,
				F6B8FE2B26F243DA000BF618 /* Resources */,
			);
			buildRules = (
			);
			dependencies = (
				F6B8FE2F26F243DA000BF618 /* PBXTargetDependency */,
			);
			name = MVPUITests;
			productName = MVPUITests;
			productReference = F6B8FE2D26F243DA000BF618 /* MVPUITests.xctest */;
			productType = "com.apple.product-type.bundle.ui-testing";
		};
/* End PBXNativeTarget section */

/* Begin PBXProject section */
		F6B8FE0426F243DA000BF618 /* Project object */ = {
			isa = PBXProject;
			attributes = {
				LastSwiftUpdateCheck = 1250;
				LastUpgradeCheck = 1250;
				TargetAttributes = {
					F6B8FE0B26F243DA000BF618 = {
						CreatedOnToolsVersion = 12.5.1;
					};
					F6B8FE2126F243DA000BF618 = {
						CreatedOnToolsVersion = 12.5.1;
						TestTargetID = F6B8FE0B26F243DA000BF618;
					};
					F6B8FE2C26F243DA000BF618 = {
						CreatedOnToolsVersion = 12.5.1;
						TestTargetID = F6B8FE0B26F243DA000BF618;
					};
				};
			};
			buildConfigurationList = F6B8FE0726F243DA000BF618 /* Build configuration list for PBXProject "MVP" */;
			compatibilityVersion = "Xcode 9.3";
			developmentRegion = en;
			hasScannedForEncodings = 0;
			knownRegions = (
				en,
				Base,
			);
			mainGroup = F6B8FE0326F243DA000BF618;
			productRefGroup = F6B8FE0D26F243DA000BF618 /* Products */;
			projectDirPath = "";
			projectRoot = "";
			targets = (
				F6B8FE0B26F243DA000BF618 /* MVP */,
				F6B8FE2126F243DA000BF618 /* MVPTests */,
				F6B8FE2C26F243DA000BF618 /* MVPUITests */,
			);
		};
/* End PBXProject section */

/* Begin PBXResourcesBuildPhase section */
		F6B8FE0A26F243DA000BF618 /* Resources */ = {
			isa = PBXResourcesBuildPhase;
			buildActionMask = 2147483647;
			files = (
				F6B8FE1C26F243DA000BF618 /* LaunchScreen.storyboard in Resources */,
				F6B8FE1926F243DA000BF618 /* Assets.xcassets in Resources */,
				F6B8FE1726F243DA000BF618 /* Main.storyboard in Resources */,
			);
			runOnlyForDeploymentPostprocessing = 0;
		};
		F6B8FE2026F243DA000BF618 /* Resources */ = {
			isa = PBXResourcesBuildPhase;
			buildActionMask = 2147483647;
			files = (
			);
			runOnlyForDeploymentPostprocessing = 0;
		};
		F6B8FE2B26F243DA000BF618 /* Resources */ = {
			isa = PBXResourcesBuildPhase;
			buildActionMask = 2147483647;
			files = (
			);
			runOnlyForDeploymentPostprocessing = 0;
		};
/* End PBXResourcesBuildPhase section */

/* Begin PBXSourcesBuildPhase section */
		F6B8FE0826F243DA000BF618 /* Sources */ = {
			isa = PBXSourcesBuildPhase;
			buildActionMask = 2147483647;
			files = (
				F6B8FE1426F243DA000BF618 /* ViewController.swift in Sources */,
				F6B8FE1026F243DA000BF618 /* AppDelegate.swift in Sources */,
				F6B8FE1226F243DA000BF618 /* SceneDelegate.swift in Sources */,
			);
			runOnlyForDeploymentPostprocessing = 0;
		};
		F6B8FE1E26F243DA000BF618 /* Sources */ = {
			isa = PBXSourcesBuildPhase;
			buildActionMask = 2147483647;
			files = (
				F6B8FE2726F243DA000BF618 /* MVPTests.swift in Sources */,
			);
			runOnlyForDeploymentPostprocessing = 0;
		};
		F6B8FE2926F243DA000BF618 /* Sources */ = {
			isa = PBXSourcesBuildPhase;
			buildActionMask = 2147483647;
			files = (
				F6B8FE3226F243DA000BF618 /* MVPUITests.swift in Sources */,
			);
			runOnlyForDeploymentPostprocessing = 0;
		};
/* End PBXSourcesBuildPhase section */

/* Begin PBXTargetDependency section */
		F6B8FE2426F243DA000BF618 /* PBXTargetDependency */ = {
			isa = PBXTargetDependency;
			target = F6B8FE0B26F243DA000BF618 /* MVP */;
			targetProxy = F6B8FE2326F243DA000BF618 /* PBXContainerItemProxy */;
		};
		F6B8FE2F26F243DA000BF618 /* PBXTargetDependency */ = {
			isa = PBXTargetDependency;
			target = F6B8FE0B26F243DA000BF618 /* MVP */;
			targetProxy = F6B8FE2E26F243DA000BF618 /* PBXContainerItemProxy */;
		};
/* End PBXTargetDependency section */

/* Begin PBXVariantGroup section */
		F6B8FE1526F243DA000BF618 /* Main.storyboard */ = {
			isa = PBXVariantGroup;
			children = (
				F6B8FE1626F243DA000BF618 /* Base */,
			);
			name = Main.storyboard;
			sourceTree = "<group>";
		};
		F6B8FE1A26F243DA000BF618 /* LaunchScreen.storyboard */ = {
			isa = PBXVariantGroup;
			children = (
				F6B8FE1B26F243DA000BF618 /* Base */,
			);
			name = LaunchScreen.storyboard;
			sourceTree = "<group>";
		};
/* End PBXVariantGroup section */

/* Begin XCBuildConfiguration section */
		F6B8FE3426F243DA000BF618 /* Debug */ = {
			isa = XCBuildConfiguration;
			buildSettings = {
				ALWAYS_SEARCH_USER_PATHS = NO;
				CLANG_ANALYZER_NONNULL = YES;
				CLANG_ANALYZER_NUMBER_OBJECT_CONVERSION = YES_AGGRESSIVE;
				CLANG_CXX_LANGUAGE_STANDARD = "gnu++14";
				CLANG_CXX_LIBRARY = "libc++";
				CLANG_ENABLE_MODULES = YES;
				CLANG_ENABLE_OBJC_ARC = YES;
				CLANG_ENABLE_OBJC_WEAK = YES;
				CLANG_WARN_BLOCK_CAPTURE_AUTORELEASING = YES;
				CLANG_WARN_BOOL_CONVERSION = YES;
				CLANG_WARN_COMMA = YES;
				CLANG_WARN_CONSTANT_CONVERSION = YES;
				CLANG_WARN_DEPRECATED_OBJC_IMPLEMENTATIONS = YES;
				CLANG_WARN_DIRECT_OBJC_ISA_USAGE = YES_ERROR;
				CLANG_WARN_DOCUMENTATION_COMMENTS = YES;
				CLANG_WARN_EMPTY_BODY = YES;
				CLANG_WARN_ENUM_CONVERSION = YES;
				CLANG_WARN_INFINITE_RECURSION = YES;
				CLANG_WARN_INT_CONVERSION = YES;
				CLANG_WARN_NON_LITERAL_NULL_CONVERSION = YES;
				CLANG_WARN_OBJC_IMPLICIT_RETAIN_SELF = YES;
				CLANG_WARN_OBJC_LITERAL_CONVERSION = YES;
				CLANG_WARN_OBJC_ROOT_CLASS = YES_ERROR;
				CLANG_WARN_QUOTED_INCLUDE_IN_FRAMEWORK_HEADER = YES;
				CLANG_WARN_RANGE_LOOP_ANALYSIS = YES;
				CLANG_WARN_STRICT_PROTOTYPES = YES;
				CLANG_WARN_SUSPICIOUS_MOVE = YES;
				CLANG_WARN_UNGUARDED_AVAILABILITY = YES_AGGRESSIVE;
				CLANG_WARN_UNREACHABLE_CODE = YES;
				CLANG_WARN__DUPLICATE_METHOD_MATCH = YES;
				COPY_PHASE_STRIP = NO;
				DEBUG_INFORMATION_FORMAT = dwarf;
				ENABLE_STRICT_OBJC_MSGSEND = YES;
				ENABLE_TESTABILITY = YES;
				GCC_C_LANGUAGE_STANDARD = gnu11;
				GCC_DYNAMIC_NO_PIC = NO;
				GCC_NO_COMMON_BLOCKS = YES;
				GCC_OPTIMIZATION_LEVEL = 0;
				GCC_PREPROCESSOR_DEFINITIONS = (
					"DEBUG=1",
					"$(inherited)",
				);
				GCC_WARN_64_TO_32_BIT_CONVERSION = YES;
				GCC_WARN_ABOUT_RETURN_TYPE = YES_ERROR;
				GCC_WARN_UNDECLARED_SELECTOR = YES;
				GCC_WARN_UNINITIALIZED_AUTOS = YES_AGGRESSIVE;
				GCC_WARN_UNUSED_FUNCTION = YES;
				GCC_WARN_UNUSED_VARIABLE = YES;
				IPHONEOS_DEPLOYMENT_TARGET = 14.5;
				MTL_ENABLE_DEBUG_INFO = INCLUDE_SOURCE;
				MTL_FAST_MATH = YES;
				ONLY_ACTIVE_ARCH = YES;
				SDKROOT = iphoneos;
				SWIFT_ACTIVE_COMPILATION_CONDITIONS = DEBUG;
				SWIFT_OPTIMIZATION_LEVEL = "-Onone";
			};
			name = Debug;
		};
		F6B8FE3526F243DA000BF618 /* Release */ = {
			isa = XCBuildConfiguration;
			buildSettings = {
				ALWAYS_SEARCH_USER_PATHS = NO;
				CLANG_ANALYZER_NONNULL = YES;
				CLANG_ANALYZER_NUMBER_OBJECT_CONVERSION = YES_AGGRESSIVE;
				CLANG_CXX_LANGUAGE_STANDARD = "gnu++14";
				CLANG_CXX_LIBRARY = "libc++";
				CLANG_ENABLE_MODULES = YES;
				CLANG_ENABLE_OBJC_ARC = YES;
				CLANG_ENABLE_OBJC_WEAK = YES;
				CLANG_WARN_BLOCK_CAPTURE_AUTORELEASING = YES;
				CLANG_WARN_BOOL_CONVERSION = YES;
				CLANG_WARN_COMMA = YES;
				CLANG_WARN_CONSTANT_CONVERSION = YES;
				CLANG_WARN_DEPRECATED_OBJC_IMPLEMENTATIONS = YES;
				CLANG_WARN_DIRECT_OBJC_ISA_USAGE = YES_ERROR;
				CLANG_WARN_DOCUMENTATION_COMMENTS = YES;
				CLANG_WARN_EMPTY_BODY = YES;
				CLANG_WARN_ENUM_CONVERSION = YES;
				CLANG_WARN_INFINITE_RECURSION = YES;
				CLANG_WARN_INT_CONVERSION = YES;
				CLANG_WARN_NON_LITERAL_NULL_CONVERSION = YES;
				CLANG_WARN_OBJC_IMPLICIT_RETAIN_SELF = YES;
				CLANG_WARN_OBJC_LITERAL_CONVERSION = YES;
				CLANG_WARN_OBJC_ROOT_CLASS = YES_ERROR;
				CLANG_WARN_QUOTED_INCLUDE_IN_FRAMEWORK_HEADER = YES;
				CLANG_WARN_RANGE_LOOP_ANALYSIS = YES;
				CLANG_WARN_STRICT_PROTOTYPES = YES;
				CLANG_WARN_SUSPICIOUS_MOVE = YES;
				CLANG_WARN_UNGUARDED_AVAILABILITY = YES_AGGRESSIVE;
				CLANG_WARN_UNREACHABLE_CODE = YES;
				CLANG_WARN__DUPLICATE_METHOD_MATCH = YES;
				COPY_PHASE_STRIP = NO;
				DEBUG_INFORMATION_FORMAT = "dwarf-with-dsym";
				ENABLE_NS_ASSERTIONS = NO;
				ENABLE_STRICT_OBJC_MSGSEND = YES;
				GCC_C_LANGUAGE_STANDARD = gnu11;
				GCC_NO_COMMON_BLOCKS = YES;
				GCC_WARN_64_TO_32_BIT_CONVERSION = YES;
				GCC_WARN_ABOUT_RETURN_TYPE = YES_ERROR;
				GCC_WARN_UNDECLARED_SELECTOR = YES;
				GCC_WARN_UNINITIALIZED_AUTOS = YES_AGGRESSIVE;
				GCC_WARN_UNUSED_FUNCTION = YES;
				GCC_WARN_UNUSED_VARIABLE = YES;
				IPHONEOS_DEPLOYMENT_TARGET = 14.5;
				MTL_ENABLE_DEBUG_INFO = NO;
				MTL_FAST_MATH = YES;
				SDKROOT = iphoneos;
				SWIFT_COMPILATION_MODE = wholemodule;
				SWIFT_OPTIMIZATION_LEVEL = "-O";
				VALIDATE_PRODUCT = YES;
			};
			name = Release;
		};
		F6B8FE3726F243DA000BF618 /* Debug */ = {
			isa = XCBuildConfiguration;
			buildSettings = {
				ASSETCATALOG_COMPILER_APPICON_NAME = AppIcon;
				ASSETCATALOG_COMPILER_GLOBAL_ACCENT_COLOR_NAME = AccentColor;
				CODE_SIGN_STYLE = Automatic;
				DEVELOPMENT_TEAM = 39B2RY64BH;
				INFOPLIST_FILE = MVP/Info.plist;
				LD_RUNPATH_SEARCH_PATHS = (
					"$(inherited)",
					"@executable_path/Frameworks",
				);
				PRODUCT_BUNDLE_IDENTIFIER = sequoja.MVP;
				PRODUCT_NAME = "$(TARGET_NAME)";
				SWIFT_VERSION = 5.0;
				TARGETED_DEVICE_FAMILY = 1;
			};
			name = Debug;
		};
		F6B8FE3826F243DA000BF618 /* Release */ = {
			isa = XCBuildConfiguration;
			buildSettings = {
				ASSETCATALOG_COMPILER_APPICON_NAME = AppIcon;
				ASSETCATALOG_COMPILER_GLOBAL_ACCENT_COLOR_NAME = AccentColor;
				CODE_SIGN_STYLE = Automatic;
				DEVELOPMENT_TEAM = 39B2RY64BH;
				INFOPLIST_FILE = MVP/Info.plist;
				LD_RUNPATH_SEARCH_PATHS = (
					"$(inherited)",
					"@executable_path/Frameworks",
				);
				PRODUCT_BUNDLE_IDENTIFIER = sequoja.MVP;
				PRODUCT_NAME = "$(TARGET_NAME)";
				SWIFT_VERSION = 5.0;
				TARGETED_DEVICE_FAMILY = 1;
			};
			name = Release;
		};
		F6B8FE3A26F243DA000BF618 /* Debug */ = {
			isa = XCBuildConfiguration;
			buildSettings = {
				ALWAYS_EMBED_SWIFT_STANDARD_LIBRARIES = YES;
				BUNDLE_LOADER = "$(TEST_HOST)";
				CODE_SIGN_STYLE = Automatic;
				DEVELOPMENT_TEAM = 39B2RY64BH;
				INFOPLIST_FILE = MVPTests/Info.plist;
				IPHONEOS_DEPLOYMENT_TARGET = 14.5;
				LD_RUNPATH_SEARCH_PATHS = (
					"$(inherited)",
					"@executable_path/Frameworks",
					"@loader_path/Frameworks",
				);
				PRODUCT_BUNDLE_IDENTIFIER = sequoja.MVPTests;
				PRODUCT_NAME = "$(TARGET_NAME)";
				SWIFT_VERSION = 5.0;
				TARGETED_DEVICE_FAMILY = "1,2";
				TEST_HOST = "$(BUILT_PRODUCTS_DIR)/MVP.app/MVP";
			};
			name = Debug;
		};
		F6B8FE3B26F243DA000BF618 /* Release */ = {
			isa = XCBuildConfiguration;
			buildSettings = {
				ALWAYS_EMBED_SWIFT_STANDARD_LIBRARIES = YES;
				BUNDLE_LOADER = "$(TEST_HOST)";
				CODE_SIGN_STYLE = Automatic;
				DEVELOPMENT_TEAM = 39B2RY64BH;
				INFOPLIST_FILE = MVPTests/Info.plist;
				IPHONEOS_DEPLOYMENT_TARGET = 14.5;
				LD_RUNPATH_SEARCH_PATHS = (
					"$(inherited)",
					"@executable_path/Frameworks",
					"@loader_path/Frameworks",
				);
				PRODUCT_BUNDLE_IDENTIFIER = sequoja.MVPTests;
				PRODUCT_NAME = "$(TARGET_NAME)";
				SWIFT_VERSION = 5.0;
				TARGETED_DEVICE_FAMILY = "1,2";
				TEST_HOST = "$(BUILT_PRODUCTS_DIR)/MVP.app/MVP";
			};
			name = Release;
		};
		F6B8FE3D26F243DA000BF618 /* Debug */ = {
			isa = XCBuildConfiguration;
			buildSettings = {
				ALWAYS_EMBED_SWIFT_STANDARD_LIBRARIES = YES;
				CODE_SIGN_STYLE = Automatic;
				DEVELOPMENT_TEAM = 39B2RY64BH;
				INFOPLIST_FILE = MVPUITests/Info.plist;
				LD_RUNPATH_SEARCH_PATHS = (
					"$(inherited)",
					"@executable_path/Frameworks",
					"@loader_path/Frameworks",
				);
				PRODUCT_BUNDLE_IDENTIFIER = sequoja.MVPUITests;
				PRODUCT_NAME = "$(TARGET_NAME)";
				SWIFT_VERSION = 5.0;
				TARGETED_DEVICE_FAMILY = "1,2";
				TEST_TARGET_NAME = MVP;
			};
			name = Debug;
		};
		F6B8FE3E26F243DA000BF618 /* Release */ = {
			isa = XCBuildConfiguration;
			buildSettings = {
				ALWAYS_EMBED_SWIFT_STANDARD_LIBRARIES = YES;
				CODE_SIGN_STYLE = Automatic;
				DEVELOPMENT_TEAM = 39B2RY64BH;
				INFOPLIST_FILE = MVPUITests/Info.plist;
				LD_RUNPATH_SEARCH_PATHS = (
					"$(inherited)",
					"@executable_path/Frameworks",
					"@loader_path/Frameworks",
				);
				PRODUCT_BUNDLE_IDENTIFIER = sequoja.MVPUITests;
				PRODUCT_NAME = "$(TARGET_NAME)";
				SWIFT_VERSION = 5.0;
				TARGETED_DEVICE_FAMILY = "1,2";
				TEST_TARGET_NAME = MVP;
			};
			name = Release;
		};
/* End XCBuildConfiguration section */

/* Begin XCConfigurationList section */
		F6B8FE0726F243DA000BF618 /* Build configuration list for PBXProject "MVP" */ = {
			isa = XCConfigurationList;
			buildConfigurations = (
				F6B8FE3426F243DA000BF618 /* Debug */,
				F6B8FE3526F243DA000BF618 /* Release */,
			);
			defaultConfigurationIsVisible = 0;
			defaultConfigurationName = Release;
		};
		F6B8FE3626F243DA000BF618 /* Build configuration list for PBXNativeTarget "MVP" */ = {
			isa = XCConfigurationList;
			buildConfigurations = (
				F6B8FE3726F243DA000BF618 /* Debug */,
				F6B8FE3826F243DA000BF618 /* Release */,
			);
			defaultConfigurationIsVisible = 0;
			defaultConfigurationName = Release;
		};
		F6B8FE3926F243DA000BF618 /* Build configuration list for PBXNativeTarget "MVPTests" */ = {
			isa = XCConfigurationList;
			buildConfigurations = (
				F6B8FE3A26F243DA000BF618 /* Debug */,
				F6B8FE3B26F243DA000BF618 /* Release */,
			);
			defaultConfigurationIsVisible = 0;
			defaultConfigurationName = Release;
		};
		F6B8FE3C26F243DA000BF618 /* Build configuration list for PBXNativeTarget "MVPUITests" */ = {
			isa = XCConfigurationList;
			buildConfigurations = (
				F6B8FE3D26F243DA000BF618 /* Debug */,
				F6B8FE3E26F243DA000BF618 /* Release */,
			);
			defaultConfigurationIsVisible = 0;
			defaultConfigurationName = Release;
		};
/* End XCConfigurationList section */
	};
	rootObject = F6B8FE0426F243DA000BF618 /* Project object */;
}
